// !$*UTF8*$!
{
	archiveVersion = 1;
	classes = {
	};
	objectVersion = 54;
	objects = {

/* Begin PBXBuildFile section */
		5E13C88D1BE03A6F00FF4305 /* Assets.xcassets in Resources */ = {isa = PBXBuildFile; fileRef = 5E13C88C1BE03A6F00FF4305 /* Assets.xcassets */; };
		5E342D5E2E650D570003F863 /* Sparkle in Frameworks */ = {isa = PBXBuildFile; productRef = 5E342D5D2E650D570003F863 /* Sparkle */; };
		5E4C3D012F890A230003F864 /* LaunchAtLogin in Frameworks */ = {isa = PBXBuildFile; productRef = 5E4C3D032F890A230003F866 /* LaunchAtLogin */; };
		5E4C3D042F890A230003F867 /* Defaults in Frameworks */ = {isa = PBXBuildFile; productRef = 5E4C3D062F890A230003F869 /* Defaults */; };
		5E4C3D0A2F890A230003F86C /* EmojiKit in Frameworks */ = {isa = PBXBuildFile; productRef = 5E4C3D092F890A230003F86B /* EmojiKit */; };
		5E51B77F1E7C058F79A7FA905A69D2206B86 /* PFMoveApplication.m in Sources */ = {isa = PBXBuildFile; fileRef = 5E51B77E1E7C058F79A7FA905A69D2206B86 /* PFMoveApplication.m */; settings = {COMPILER_FLAGS = "-fno-objc-arc"; }; };
		5E51B7811E7EE64C009395E6 /* Security.framework in Frameworks */ = {isa = PBXBuildFile; fileRef = 5E51B7801E7EE64C009395E6 /* Security.framework */; };
		5E51B7851E7EE7BF009395E6 /* (null) in CopyFiles */ = {isa = PBXBuildFile; settings = {ATTRIBUTES = (CodeSignOnCopy, RemoveHeadersOnCopy, ); }; };
		5EB457D42EEDE8C00021C6BD /* Icon.swift in Sources */ = {isa = PBXBuildFile; fileRef = 5EB457CD2EEDE8C00021C6BD /* Icon.swift */; };
		5EB457D52EEDE8C00021C6BD /* SymbolPicker.swift in Sources */ = {isa = PBXBuildFile; fileRef = 5EB457D32EEDE8C00021C6BD /* SymbolPicker.swift */; };
		5EB457D62EEDE8C00021C6BD /* AppState.swift in Sources */ = {isa = PBXBuildFile; fileRef = 5EB457C82EEDE8C00021C6BD /* AppState.swift */; };
		5EB457D72EEDE8C00021C6BD /* DefaultsStore.swift in Sources */ = {isa = PBXBuildFile; fileRef = 5EB457CC2EEDE8C00021C6BD /* DefaultsStore.swift */; };
		5EB457D82EEDE8C00021C6BD /* ItemData.swift in Sources */ = {isa = PBXBuildFile; fileRef = 5EB457CE2EEDE8C00021C6BD /* ItemData.swift */; };
		5EB457D92EEDE8C00021C6BD /* Confirm.swift in Sources */ = {isa = PBXBuildFile; fileRef = 5EB457CA2EEDE8C00021C6BD /* Confirm.swift */; };
		5EB457DA2EEDE8C00021C6BD /* SizeSlider.swift in Sources */ = {isa = PBXBuildFile; fileRef = 5EB457D12EEDE8C00021C6BD /* SizeSlider.swift */; };
		5EB457DB2EEDE8C00021C6BD /* StylePicker.swift in Sources */ = {isa = PBXBuildFile; fileRef = 5EB457D22EEDE8C00021C6BD /* StylePicker.swift */; };
		5EB457DC2EEDE8C00021C6BD /* Constants.swift in Sources */ = {isa = PBXBuildFile; fileRef = 5EB457CB2EEDE8C00021C6BD /* Constants.swift */; };
		5EB457DD2EEDE8C00021C6BD /* ItemPicker.swift in Sources */ = {isa = PBXBuildFile; fileRef = 5EB457CF2EEDE8C00021C6BD /* ItemPicker.swift */; };
		5EB457DE2EEDE8C00021C6BD /* App.swift in Sources */ = {isa = PBXBuildFile; fileRef = 5EB457C72EEDE8C00021C6BD /* App.swift */; };
		5EB457DF2EEDE8C00021C6BD /* Preferences.swift in Sources */ = {isa = PBXBuildFile; fileRef = 5EB457D02EEDE8C00021C6BD /* Preferences.swift */; };
		5EB457E02EEDE8C00021C6BD /* ColorSwatch.swift in Sources */ = {isa = PBXBuildFile; fileRef = 5EB457C92EEDE8C00021C6BD /* ColorSwatch.swift */; };
		5EB457F12EEDE8C00021C6BD /* SkinToneSwatch.swift in Sources */ = {isa = PBXBuildFile; fileRef = 5EB457F02EEDE8C00021C6BD /* SkinToneSwatch.swift */; };
		5EB458492EEDE9690021C6BD /* SymbolPickerTests.swift in Sources */ = {isa = PBXBuildFile; fileRef = 5EB458462EEDE9690021C6BD /* SymbolPickerTests.swift */; };
		5EB4584A2EEDE9690021C6BD /* SpaceColorsBridgeTests.swift in Sources */ = {isa = PBXBuildFile; fileRef = 5EB4583C2EEDE9690021C6BD /* SpaceColorsBridgeTests.swift */; };
		5EB4584B2EEDE9690021C6BD /* TestDefaults.swift in Sources */ = {isa = PBXBuildFile; fileRef = 5EB458402EEDE9690021C6BD /* TestDefaults.swift */; };
		5EB4584C2EEDE9690021C6BD /* CGSStub.swift in Sources */ = {isa = PBXBuildFile; fileRef = 5EB458392EEDE9690021C6BD /* CGSStub.swift */; };
		5EB4584D2EEDE9690021C6BD /* SizeSliderTests.swift in Sources */ = {isa = PBXBuildFile; fileRef = 5EB458442EEDE9690021C6BD /* SizeSliderTests.swift */; };
		5EB4584E2EEDE9690021C6BD /* AppStateTests.swift in Sources */ = {isa = PBXBuildFile; fileRef = 5EB458382EEDE9690021C6BD /* AppStateTests.swift */; };
		5EB4584F2EEDE9690021C6BD /* SpaceIconGeneratorTests.swift in Sources */ = {isa = PBXBuildFile; fileRef = 5EB4583D2EEDE9690021C6BD /* SpaceIconGeneratorTests.swift */; };
		5EB458502EEDE9690021C6BD /* AppDelegateActionsTests.swift in Sources */ = {isa = PBXBuildFile; fileRef = 5EB458422EEDE9690021C6BD /* AppDelegateActionsTests.swift */; };
		5EB458512EEDE9690021C6BD /* SpacePreferencesTests.swift in Sources */ = {isa = PBXBuildFile; fileRef = 5EB4583E2EEDE9690021C6BD /* SpacePreferencesTests.swift */; };
		5EB458522EEDE9690021C6BD /* StylePickerTests.swift in Sources */ = {isa = PBXBuildFile; fileRef = 5EB458452EEDE9690021C6BD /* StylePickerTests.swift */; };
		5EB458532EEDE9690021C6BD /* IconColorsTests.swift in Sources */ = {isa = PBXBuildFile; fileRef = 5EB4583B2EEDE9690021C6BD /* IconColorsTests.swift */; };
		5EB458542EEDE9690021C6BD /* ColorSwatchTests.swift in Sources */ = {isa = PBXBuildFile; fileRef = 5EB458432EEDE9690021C6BD /* ColorSwatchTests.swift */; };
		73FAA1ED7C2DED2E7295E6FB /* AppStateEdgeCaseTests.swift in Sources */ = {isa = PBXBuildFile; fileRef = DFB446EE552B31E1415C66B7 /* AppStateEdgeCaseTests.swift */; };
		7F97118A9292E9AE61C94CC7 /* SkinToneTests.swift in Sources */ = {isa = PBXBuildFile; fileRef = D97E397B395ABA84D3E5BDA3 /* SkinToneTests.swift */; };
		97F4E259A2341F812A60881E /* ItemDataTests.swift in Sources */ = {isa = PBXBuildFile; fileRef = 8F29AA76FD29EB8C39DC818F /* ItemDataTests.swift */; };
		A18B9A0D02FB4551A9141FFA /* Defaults in Frameworks */ = {isa = PBXBuildFile; productRef = 5E4C3D062F890A230003F869 /* Defaults */; };
		A1E2D3C41B2F4A5B6C7D8E93 /* Localizable.strings in Resources */ = {isa = PBXBuildFile; fileRef = A1E2D3C41B2F4A5B6C7D8E92 /* Localizable.strings */; };
		B4E235CBC3DD715950C1C319 /* Swatch.swift in Sources */ = {isa = PBXBuildFile; fileRef = BEA6BF7DB8700734BA5B03AD /* Swatch.swift */; };
		CB61E710EE0AA61181E63F29 /* EmojiRenderTests.swift in Sources */ = {isa = PBXBuildFile; fileRef = 23AEB50704228D44E33A4061 /* EmojiRenderTests.swift */; };
		DB808F9A959C72ABCBAADCCE /* EdgeCaseTests.swift in Sources */ = {isa = PBXBuildFile; fileRef = C010908C363337F4F938B12E /* EdgeCaseTests.swift */; };
		ABC98EC5F8E24F379B3B00FA /* LocalizationTests.swift in Sources */ = {isa = PBXBuildFile; fileRef = 9001E72867604936A813A394 /* LocalizationTests.swift */; };
/* End PBXBuildFile section */

/* Begin PBXContainerItemProxy section */
		D904FB054A124D368F963393 /* PBXContainerItemProxy */ = {
			isa = PBXContainerItemProxy;
			containerPortal = 5E13C87F1BE03A6F00FF4305 /* Project object */;
			proxyType = 1;
			remoteGlobalIDString = 5E13C8861BE03A6F00FF4305;
			remoteInfo = WhichSpace;
		};
/* End PBXContainerItemProxy section */

/* Begin PBXCopyFilesBuildPhase section */
		5E7B3C6A16BE2235EEF157027E147741919A4 /* CopyFiles */ = {
			isa = PBXCopyFilesBuildPhase;
			buildActionMask = 2147483647;
			dstPath = "";
			dstSubfolderSpec = 10;
			files = (
				5E51B7851E7EE7BF009395E6 /* (null) in CopyFiles */,
			);
			runOnlyForDeploymentPostprocessing = 0;
		};
/* End PBXCopyFilesBuildPhase section */

/* Begin PBXFileReference section */
		03C3F9BE9CFA4A9DAF193E59 /* ar */ = {isa = PBXFileReference; lastKnownFileType = text.plist.strings; name = ar; path = Locale/ar.lproj/Localizable.strings; sourceTree = "<group>"; };
		0D5BD1F700294A27968597BB /* he */ = {isa = PBXFileReference; lastKnownFileType = text.plist.strings; name = he; path = Locale/he.lproj/Localizable.strings; sourceTree = "<group>"; };
		0DAFFE00FADA4DD7B2AA353B /* ru */ = {isa = PBXFileReference; lastKnownFileType = text.plist.strings; name = ru; path = Locale/ru.lproj/Localizable.strings; sourceTree = "<group>"; };
		121218095F90444CBEF2E283 /* da */ = {isa = PBXFileReference; lastKnownFileType = text.plist.strings; name = da; path = Locale/da.lproj/Localizable.strings; sourceTree = "<group>"; };
		123405350D954F72846AC61B /* tr */ = {isa = PBXFileReference; lastKnownFileType = text.plist.strings; name = tr; path = Locale/tr.lproj/Localizable.strings; sourceTree = "<group>"; };
		14841FD5F93B40D1AC2277C4 /* de */ = {isa = PBXFileReference; lastKnownFileType = text.plist.strings; name = de; path = Locale/de.lproj/Localizable.strings; sourceTree = "<group>"; };
		1AA71C4E72154414A53954D4 /* nl */ = {isa = PBXFileReference; lastKnownFileType = text.plist.strings; name = nl; path = Locale/nl.lproj/Localizable.strings; sourceTree = "<group>"; };
		21127BCA775F490085FD0D50 /* sr */ = {isa = PBXFileReference; lastKnownFileType = text.plist.strings; name = sr; path = Locale/sr.lproj/Localizable.strings; sourceTree = "<group>"; };
		21127BCA775F490085FD0D51 /* sk */ = {isa = PBXFileReference; lastKnownFileType = text.plist.strings; name = sk; path = Locale/sk.lproj/Localizable.strings; sourceTree = "<group>"; };
		21C1B131299F4E0192C3FC74 /* es */ = {isa = PBXFileReference; lastKnownFileType = text.plist.strings; name = es; path = Locale/es.lproj/Localizable.strings; sourceTree = "<group>"; };
		23AEB50704228D44E33A4061 /* EmojiRenderTests.swift */ = {isa = PBXFileReference; includeInIndex = 1; lastKnownFileType = sourcecode.swift; path = EmojiRenderTests.swift; sourceTree = "<group>"; };
		2707A52C1AB144A49ABF86D2 /* ro */ = {isa = PBXFileReference; lastKnownFileType = text.plist.strings; name = ro; path = Locale/ro.lproj/Localizable.strings; sourceTree = "<group>"; };
		3AE480071BE35A2F00E22248 /* WhichSpace-Bridging-Header.h */ = {isa = PBXFileReference; lastKnownFileType = sourcecode.c.h; path = "WhichSpace-Bridging-Header.h"; sourceTree = "<group>"; };
		3CD9005C548848A49423B30E /* id */ = {isa = PBXFileReference; lastKnownFileType = text.plist.strings; name = id; path = Locale/id.lproj/Localizable.strings; sourceTree = "<group>"; };
		420D465A87A045E580F22906 /* fi */ = {isa = PBXFileReference; lastKnownFileType = text.plist.strings; name = fi; path = Locale/fi.lproj/Localizable.strings; sourceTree = "<group>"; };
		440FC8442DF94443BC6B910D /* pa */ = {isa = PBXFileReference; lastKnownFileType = text.plist.strings; name = pa; path = Locale/pa.lproj/Localizable.strings; sourceTree = "<group>"; };
		48942909681A4A6788F382D0 /* zh-Hant */ = {isa = PBXFileReference; lastKnownFileType = text.plist.strings; name = "zh-Hant"; path = "Locale/zh-Hant.lproj/Localizable.strings"; sourceTree = "<group>"; };
		515CDC547D5946AA89736643 /* el */ = {isa = PBXFileReference; lastKnownFileType = text.plist.strings; name = el; path = Locale/el.lproj/Localizable.strings; sourceTree = "<group>"; };
		55D31BFB83464D3BAE194F67 /* sv */ = {isa = PBXFileReference; lastKnownFileType = text.plist.strings; name = sv; path = Locale/sv.lproj/Localizable.strings; sourceTree = "<group>"; };
		5E13C8871BE03A6F00FF4305 /* WhichSpace.app */ = {isa = PBXFileReference; explicitFileType = wrapper.application; includeInIndex = 0; path = WhichSpace.app; sourceTree = BUILT_PRODUCTS_DIR; };
		5E13C88C1BE03A6F00FF4305 /* Assets.xcassets */ = {isa = PBXFileReference; lastKnownFileType = folder.assetcatalog; path = Assets.xcassets; sourceTree = "<group>"; };
		5E13C8911BE03A6F00FF4305 /* Info.plist */ = {isa = PBXFileReference; lastKnownFileType = text.plist.xml; path = Info.plist; sourceTree = "<group>"; };
		5E3A37FC1BF004D50085EFD9 /* Sparkle.framework */ = {isa = PBXFileReference; lastKnownFileType = wrapper.framework; path = Sparkle.framework; sourceTree = "<group>"; };
		5E51B77D1E7C058F79A7FA905A69D2206B86 /* PFMoveApplication.h */ = {isa = PBXFileReference; fileEncoding = 4; lastKnownFileType = sourcecode.c.h; path = PFMoveApplication.h; sourceTree = "<group>"; };
		5E51B77E1E7C058F79A7FA905A69D2206B86 /* PFMoveApplication.m */ = {isa = PBXFileReference; fileEncoding = 4; lastKnownFileType = sourcecode.c.objc; path = PFMoveApplication.m; sourceTree = "<group>"; };
		5E51B7801E7EE64C009395E6 /* Security.framework */ = {isa = PBXFileReference; lastKnownFileType = wrapper.framework; name = Security.framework; path = System/Library/Frameworks/Security.framework; sourceTree = SDKROOT; };
		5EB457C72EEDE8C00021C6BD /* App.swift */ = {isa = PBXFileReference; lastKnownFileType = sourcecode.swift; path = App.swift; sourceTree = "<group>"; };
		5EB457C82EEDE8C00021C6BD /* AppState.swift */ = {isa = PBXFileReference; lastKnownFileType = sourcecode.swift; path = AppState.swift; sourceTree = "<group>"; };
		5EB457C92EEDE8C00021C6BD /* ColorSwatch.swift */ = {isa = PBXFileReference; lastKnownFileType = sourcecode.swift; path = ColorSwatch.swift; sourceTree = "<group>"; };
		5EB457CA2EEDE8C00021C6BD /* Confirm.swift */ = {isa = PBXFileReference; lastKnownFileType = sourcecode.swift; path = Confirm.swift; sourceTree = "<group>"; };
		5EB457CB2EEDE8C00021C6BD /* Constants.swift */ = {isa = PBXFileReference; lastKnownFileType = sourcecode.swift; path = Constants.swift; sourceTree = "<group>"; };
		5EB457CC2EEDE8C00021C6BD /* DefaultsStore.swift */ = {isa = PBXFileReference; lastKnownFileType = sourcecode.swift; path = DefaultsStore.swift; sourceTree = "<group>"; };
		5EB457CD2EEDE8C00021C6BD /* Icon.swift */ = {isa = PBXFileReference; lastKnownFileType = sourcecode.swift; path = Icon.swift; sourceTree = "<group>"; };
		5EB457CE2EEDE8C00021C6BD /* ItemData.swift */ = {isa = PBXFileReference; lastKnownFileType = sourcecode.swift; path = ItemData.swift; sourceTree = "<group>"; };
		5EB457CF2EEDE8C00021C6BD /* ItemPicker.swift */ = {isa = PBXFileReference; lastKnownFileType = sourcecode.swift; path = ItemPicker.swift; sourceTree = "<group>"; };
		5EB457D02EEDE8C00021C6BD /* Preferences.swift */ = {isa = PBXFileReference; lastKnownFileType = sourcecode.swift; path = Preferences.swift; sourceTree = "<group>"; };
		5EB457D12EEDE8C00021C6BD /* SizeSlider.swift */ = {isa = PBXFileReference; lastKnownFileType = sourcecode.swift; path = SizeSlider.swift; sourceTree = "<group>"; };
		5EB457D22EEDE8C00021C6BD /* StylePicker.swift */ = {isa = PBXFileReference; lastKnownFileType = sourcecode.swift; path = StylePicker.swift; sourceTree = "<group>"; };
		5EB457D32EEDE8C00021C6BD /* SymbolPicker.swift */ = {isa = PBXFileReference; lastKnownFileType = sourcecode.swift; path = SymbolPicker.swift; sourceTree = "<group>"; };
		5EB457F02EEDE8C00021C6BD /* SkinToneSwatch.swift */ = {isa = PBXFileReference; lastKnownFileType = sourcecode.swift; path = SkinToneSwatch.swift; sourceTree = "<group>"; };
		5EB458382EEDE9690021C6BD /* AppStateTests.swift */ = {isa = PBXFileReference; lastKnownFileType = sourcecode.swift; path = AppStateTests.swift; sourceTree = "<group>"; };
		5EB458392EEDE9690021C6BD /* CGSStub.swift */ = {isa = PBXFileReference; lastKnownFileType = sourcecode.swift; path = CGSStub.swift; sourceTree = "<group>"; };
		5EB4583B2EEDE9690021C6BD /* IconColorsTests.swift */ = {isa = PBXFileReference; lastKnownFileType = sourcecode.swift; path = IconColorsTests.swift; sourceTree = "<group>"; };
		5EB4583C2EEDE9690021C6BD /* SpaceColorsBridgeTests.swift */ = {isa = PBXFileReference; lastKnownFileType = sourcecode.swift; path = SpaceColorsBridgeTests.swift; sourceTree = "<group>"; };
		5EB4583D2EEDE9690021C6BD /* SpaceIconGeneratorTests.swift */ = {isa = PBXFileReference; lastKnownFileType = sourcecode.swift; path = SpaceIconGeneratorTests.swift; sourceTree = "<group>"; };
		5EB4583E2EEDE9690021C6BD /* SpacePreferencesTests.swift */ = {isa = PBXFileReference; lastKnownFileType = sourcecode.swift; path = SpacePreferencesTests.swift; sourceTree = "<group>"; };
		5EB458402EEDE9690021C6BD /* TestDefaults.swift */ = {isa = PBXFileReference; lastKnownFileType = sourcecode.swift; path = TestDefaults.swift; sourceTree = "<group>"; };
		5EB458422EEDE9690021C6BD /* AppDelegateActionsTests.swift */ = {isa = PBXFileReference; lastKnownFileType = sourcecode.swift; path = AppDelegateActionsTests.swift; sourceTree = "<group>"; };
		5EB458432EEDE9690021C6BD /* ColorSwatchTests.swift */ = {isa = PBXFileReference; lastKnownFileType = sourcecode.swift; path = ColorSwatchTests.swift; sourceTree = "<group>"; };
		5EB458442EEDE9690021C6BD /* SizeSliderTests.swift */ = {isa = PBXFileReference; lastKnownFileType = sourcecode.swift; path = SizeSliderTests.swift; sourceTree = "<group>"; };
		5EB458452EEDE9690021C6BD /* StylePickerTests.swift */ = {isa = PBXFileReference; lastKnownFileType = sourcecode.swift; path = StylePickerTests.swift; sourceTree = "<group>"; };
		5EB458462EEDE9690021C6BD /* SymbolPickerTests.swift */ = {isa = PBXFileReference; lastKnownFileType = sourcecode.swift; path = SymbolPickerTests.swift; sourceTree = "<group>"; };
		67FD160C5C434A2D9B2F5EFF /* nb */ = {isa = PBXFileReference; lastKnownFileType = text.plist.strings; name = nb; path = Locale/nb.lproj/Localizable.strings; sourceTree = "<group>"; };
		6C1FC1D69E73466AA744CA31 /* vi */ = {isa = PBXFileReference; lastKnownFileType = text.plist.strings; name = vi; path = Locale/vi.lproj/Localizable.strings; sourceTree = "<group>"; };
		6F21C1DC63754CE988EEA22A /* ko */ = {isa = PBXFileReference; lastKnownFileType = text.plist.strings; name = ko; path = Locale/ko.lproj/Localizable.strings; sourceTree = "<group>"; };
		7C17E97A5F1E4C52B6C52F9A /* uk */ = {isa = PBXFileReference; lastKnownFileType = text.plist.strings; name = uk; path = Locale/uk.lproj/Localizable.strings; sourceTree = "<group>"; };
		807B3B95BB41422D9203B084 /* pl */ = {isa = PBXFileReference; lastKnownFileType = text.plist.strings; name = pl; path = Locale/pl.lproj/Localizable.strings; sourceTree = "<group>"; };
		8CD6CD3480D44E6AB467C587 /* zh-Hans */ = {isa = PBXFileReference; lastKnownFileType = text.plist.strings; name = "zh-Hans"; path = "Locale/zh-Hans.lproj/Localizable.strings"; sourceTree = "<group>"; };
		8F29AA76FD29EB8C39DC818F /* ItemDataTests.swift */ = {isa = PBXFileReference; includeInIndex = 1; lastKnownFileType = sourcecode.swift; path = ItemDataTests.swift; sourceTree = "<group>"; };
		92CBBCD5E6BD4ADABE86FC18 /* zh-HK */ = {isa = PBXFileReference; lastKnownFileType = text.plist.strings; name = "zh-HK"; path = "Locale/zh-HK.lproj/Localizable.strings"; sourceTree = "<group>"; };
		93005E032C404438819BC8AA /* cs */ = {isa = PBXFileReference; lastKnownFileType = text.plist.strings; name = cs; path = Locale/cs.lproj/Localizable.strings; sourceTree = "<group>"; };
		93AA53A13C8A424AB6949DBC /* pt-BR */ = {isa = PBXFileReference; lastKnownFileType = text.plist.strings; name = "pt-BR"; path = "Locale/pt-BR.lproj/Localizable.strings"; sourceTree = "<group>"; };
		9E13615AA6A34B10824C53D6 /* th */ = {isa = PBXFileReference; lastKnownFileType = text.plist.strings; name = th; path = Locale/th.lproj/Localizable.strings; sourceTree = "<group>"; };
		9FD65EDF490C4EC9A8A22CF1 /* ur */ = {isa = PBXFileReference; lastKnownFileType = text.plist.strings; name = ur; path = Locale/ur.lproj/Localizable.strings; sourceTree = "<group>"; };
		A1E2D3C41B2F4A5B6C7D8E90 /* en */ = {isa = PBXFileReference; lastKnownFileType = text.plist.strings; name = en; path = Locale/en.lproj/Localizable.strings; sourceTree = "<group>"; };
		A1E2D3C41B2F4A5B6C7D8E91 /* en-GB */ = {isa = PBXFileReference; lastKnownFileType = text.plist.strings; name = "en-GB"; path = "Locale/en-GB.lproj/Localizable.strings"; sourceTree = "<group>"; };
		A2CBE9D10F47426A953F7150 /* pt */ = {isa = PBXFileReference; lastKnownFileType = text.plist.strings; name = pt; path = Locale/pt.lproj/Localizable.strings; sourceTree = "<group>"; };
		A8A6FD62402F420DB7E3884C /* fr */ = {isa = PBXFileReference; lastKnownFileType = text.plist.strings; name = fr; path = Locale/fr.lproj/Localizable.strings; sourceTree = "<group>"; };
		ABE5D6A7A61741149A153DD0 /* hu */ = {isa = PBXFileReference; lastKnownFileType = text.plist.strings; name = hu; path = Locale/hu.lproj/Localizable.strings; sourceTree = "<group>"; };
		ACA032EBBCE048A08A068436 /* fa */ = {isa = PBXFileReference; lastKnownFileType = text.plist.strings; name = fa; path = Locale/fa.lproj/Localizable.strings; sourceTree = "<group>"; };
		AE982813BA174B12B48DF82B /* hi */ = {isa = PBXFileReference; lastKnownFileType = text.plist.strings; name = hi; path = Locale/hi.lproj/Localizable.strings; sourceTree = "<group>"; };
		BEA6BF7DB8700734BA5B03AD /* Swatch.swift */ = {isa = PBXFileReference; lastKnownFileType = sourcecode.swift; path = Swatch.swift; sourceTree = "<group>"; };
		C010908C363337F4F938B12E /* EdgeCaseTests.swift */ = {isa = PBXFileReference; lastKnownFileType = sourcecode.swift; path = EdgeCaseTests.swift; sourceTree = "<group>"; };
		C4E2384935764343A450E4CE /* nn */ = {isa = PBXFileReference; lastKnownFileType = text.plist.strings; name = nn; path = Locale/nn.lproj/Localizable.strings; sourceTree = "<group>"; };
		C6D3AFB473EA4F76B4990A6A /* ms */ = {isa = PBXFileReference; lastKnownFileType = text.plist.strings; name = ms; path = Locale/ms.lproj/Localizable.strings; sourceTree = "<group>"; };
		D149E532B1EE4AF49B7A1A37 /* ps */ = {isa = PBXFileReference; lastKnownFileType = text.plist.strings; name = ps; path = Locale/ps.lproj/Localizable.strings; sourceTree = "<group>"; };
		D756B7726E3444E9ABF432D7 /* mk */ = {isa = PBXFileReference; lastKnownFileType = text.plist.strings; name = mk; path = Locale/mk.lproj/Localizable.strings; sourceTree = "<group>"; };
		D947CC1B91154C94B1CDD8C4 /* ja */ = {isa = PBXFileReference; lastKnownFileType = text.plist.strings; name = ja; path = Locale/ja.lproj/Localizable.strings; sourceTree = "<group>"; };
		D97E397B395ABA84D3E5BDA3 /* SkinToneTests.swift */ = {isa = PBXFileReference; includeInIndex = 1; lastKnownFileType = sourcecode.swift; path = SkinToneTests.swift; sourceTree = "<group>"; };
		DA0E3DCAA47F4DEEA90A4D5B /* bg */ = {isa = PBXFileReference; lastKnownFileType = text.plist.strings; name = bg; path = Locale/bg.lproj/Localizable.strings; sourceTree = "<group>"; };
		DB2600736D374E9CA3D3B0C0 /* ca */ = {isa = PBXFileReference; lastKnownFileType = text.plist.strings; name = ca; path = Locale/ca.lproj/Localizable.strings; sourceTree = "<group>"; };
		DB9C64A47EF14DB495CE715F /* WhichSpaceTests.xctest */ = {isa = PBXFileReference; explicitFileType = wrapper.cfbundle; includeInIndex = 0; path = WhichSpaceTests.xctest; sourceTree = BUILT_PRODUCTS_DIR; };
		DFB446EE552B31E1415C66B7 /* AppStateEdgeCaseTests.swift */ = {isa = PBXFileReference; lastKnownFileType = sourcecode.swift; path = AppStateEdgeCaseTests.swift; sourceTree = "<group>"; };
		FDE6B678B7B34824A1E54F20 /* it */ = {isa = PBXFileReference; lastKnownFileType = text.plist.strings; name = it; path = Locale/it.lproj/Localizable.strings; sourceTree = "<group>"; };
		9001E72867604936A813A394 /* LocalizationTests.swift */ = {isa = PBXFileReference; lastKnownFileType = sourcecode.swift; path = LocalizationTests.swift; sourceTree = "<group>"; };
/* End PBXFileReference section */

/* Begin PBXFrameworksBuildPhase section */
		5E13C8841BE03A6F00FF4305 /* Frameworks */ = {
			isa = PBXFrameworksBuildPhase;
			buildActionMask = 2147483647;
			files = (
				5E51B7811E7EE64C009395E6 /* Security.framework in Frameworks */,
				5E342D5E2E650D570003F863 /* Sparkle in Frameworks */,
				5E4C3D012F890A230003F864 /* LaunchAtLogin in Frameworks */,
				5E4C3D042F890A230003F867 /* Defaults in Frameworks */,
				5E4C3D0A2F890A230003F86C /* EmojiKit in Frameworks */,
			);
			runOnlyForDeploymentPostprocessing = 0;
		};
		6A40D06143824C44AA7DB356 /* Frameworks */ = {
			isa = PBXFrameworksBuildPhase;
			buildActionMask = 2147483647;
			files = (
				A18B9A0D02FB4551A9141FFA /* Defaults in Frameworks */,
			);
			runOnlyForDeploymentPostprocessing = 0;
		};
/* End PBXFrameworksBuildPhase section */

/* Begin PBXGroup section */
		5E13C87E1BE03A6F00FF4305 = {
			isa = PBXGroup;
			children = (
				5E13C8891BE03A6F00FF4305 /* WhichSpace */,
				5EB458482EEDE9690021C6BD /* WhichSpaceTests */,
				5EC84D811BEFB80900829140 /* Classes */,
				5E7B302E74449828331BFBD86FCA700CA19A4 /* Frameworks */,
				5E13C8881BE03A6F00FF4305 /* Products */,
			);
			sourceTree = "<group>";
		};
		5E13C8881BE03A6F00FF4305 /* Products */ = {
			isa = PBXGroup;
			children = (
				5E13C8871BE03A6F00FF4305 /* WhichSpace.app */,
				DB9C64A47EF14DB495CE715F /* WhichSpaceTests.xctest */,
			);
			name = Products;
			sourceTree = "<group>";
		};
		5E13C8891BE03A6F00FF4305 /* WhichSpace */ = {
			isa = PBXGroup;
			children = (
				5EB457C72EEDE8C00021C6BD /* App.swift */,
				5EB457C82EEDE8C00021C6BD /* AppState.swift */,
				5EB457C92EEDE8C00021C6BD /* ColorSwatch.swift */,
				BEA6BF7DB8700734BA5B03AD /* Swatch.swift */,
				5EB457F02EEDE8C00021C6BD /* SkinToneSwatch.swift */,
				5EB457CA2EEDE8C00021C6BD /* Confirm.swift */,
				5EB457CB2EEDE8C00021C6BD /* Constants.swift */,
				5EB457CC2EEDE8C00021C6BD /* DefaultsStore.swift */,
				5EB457CD2EEDE8C00021C6BD /* Icon.swift */,
				5EB457CE2EEDE8C00021C6BD /* ItemData.swift */,
				5EB457CF2EEDE8C00021C6BD /* ItemPicker.swift */,
				5EB457D02EEDE8C00021C6BD /* Preferences.swift */,
				5EB457D12EEDE8C00021C6BD /* SizeSlider.swift */,
				5EB457D22EEDE8C00021C6BD /* StylePicker.swift */,
				5EB457D32EEDE8C00021C6BD /* SymbolPicker.swift */,
				5E13C88C1BE03A6F00FF4305 /* Assets.xcassets */,
				5E13C8911BE03A6F00FF4305 /* Info.plist */,
				A1E2D3C41B2F4A5B6C7D8E92 /* Localizable.strings */,
			);
			path = WhichSpace;
			sourceTree = "<group>";
		};
		5E7B302E74449828331BFBD86FCA700CA19A4 /* Frameworks */ = {
			isa = PBXGroup;
			children = (
				5E51B7801E7EE64C009395E6 /* Security.framework */,
				5E3A37FC1BF004D50085EFD9 /* Sparkle.framework */,
			);
			name = Frameworks;
			path = WhichSpace/Frameworks;
			sourceTree = "<group>";
		};
		5EB4583A2EEDE9690021C6BD /* AppState */ = {
			isa = PBXGroup;
			children = (
				5EB458382EEDE9690021C6BD /* AppStateTests.swift */,
				DFB446EE552B31E1415C66B7 /* AppStateEdgeCaseTests.swift */,
				5EB458392EEDE9690021C6BD /* CGSStub.swift */,
			);
			path = AppState;
			sourceTree = "<group>";
		};
		5EB4583F2EEDE9690021C6BD /* Core */ = {
			isa = PBXGroup;
			children = (
				C010908C363337F4F938B12E /* EdgeCaseTests.swift */,
				5EB4583B2EEDE9690021C6BD /* IconColorsTests.swift */,
				5EB4583C2EEDE9690021C6BD /* SpaceColorsBridgeTests.swift */,
				5EB4583D2EEDE9690021C6BD /* SpaceIconGeneratorTests.swift */,
				5EB4583E2EEDE9690021C6BD /* SpacePreferencesTests.swift */,
				23AEB50704228D44E33A4061 /* EmojiRenderTests.swift */,
				D97E397B395ABA84D3E5BDA3 /* SkinToneTests.swift */,
				8F29AA76FD29EB8C39DC818F /* ItemDataTests.swift */,
			);
			path = Core;
			sourceTree = "<group>";
		};
		5EB458412EEDE9690021C6BD /* Preferences */ = {
			isa = PBXGroup;
			children = (
				5EB458402EEDE9690021C6BD /* TestDefaults.swift */,
			);
			path = Preferences;
			sourceTree = "<group>";
		};
		5EB458472EEDE9690021C6BD /* UI */ = {
			isa = PBXGroup;
			children = (
				5EB458422EEDE9690021C6BD /* AppDelegateActionsTests.swift */,
				5EB458432EEDE9690021C6BD /* ColorSwatchTests.swift */,
				5EB458442EEDE9690021C6BD /* SizeSliderTests.swift */,
				5EB458452EEDE9690021C6BD /* StylePickerTests.swift */,
				5EB458462EEDE9690021C6BD /* SymbolPickerTests.swift */,
			);
			path = UI;
			sourceTree = "<group>";
		};
		9C14960108AB4F5FBD05F1BB /* Locale */ = {
			isa = PBXGroup;
			children = (
				9001E72867604936A813A394 /* LocalizationTests.swift */,
			);
			path = Locale;
			sourceTree = "<group>";
		};
		5EB458482EEDE9690021C6BD /* WhichSpaceTests */ = {
			isa = PBXGroup;
			children = (
				5EB4583A2EEDE9690021C6BD /* AppState */,
				5EB4583F2EEDE9690021C6BD /* Core */,
				9C14960108AB4F5FBD05F1BB /* Locale */,
				5EB458412EEDE9690021C6BD /* Preferences */,
				5EB458472EEDE9690021C6BD /* UI */,
			);
			path = WhichSpaceTests;
			sourceTree = "<group>";
		};
		5EC84D811BEFB80900829140 /* Classes */ = {
			isa = PBXGroup;
			children = (
				5E51B77D1E7C058F79A7FA905A69D2206B86 /* PFMoveApplication.h */,
				5E51B77E1E7C058F79A7FA905A69D2206B86 /* PFMoveApplication.m */,
				3AE480071BE35A2F00E22248 /* WhichSpace-Bridging-Header.h */,
			);
			name = Classes;
			path = WhichSpace/Classes;
			sourceTree = "<group>";
		};
/* End PBXGroup section */

/* Begin PBXNativeTarget section */
		5E13C8861BE03A6F00FF4305 /* WhichSpace */ = {
			isa = PBXNativeTarget;
			buildConfigurationList = 5E13C8941BE03A6F00FF4305 /* Build configuration list for PBXNativeTarget "WhichSpace" */;
			buildPhases = (
				5E13C8831BE03A6F00FF4305 /* Sources */,
				5E13C8841BE03A6F00FF4305 /* Frameworks */,
				5E13C8851BE03A6F00FF4305 /* Resources */,
				5E7B3C6A16BE2235EEF157027E147741919A4 /* CopyFiles */,
			);
			buildRules = (
			);
			dependencies = (
			);
			name = WhichSpace;
			productName = WhichSpace;
			productReference = 5E13C8871BE03A6F00FF4305 /* WhichSpace.app */;
			productType = "com.apple.product-type.application";
		};
		6F68C4FC60B24B5FB9535767 /* WhichSpaceTests */ = {
			isa = PBXNativeTarget;
			buildConfigurationList = 5FB2252A28644A6483375DE7 /* Build configuration list for PBXNativeTarget "WhichSpaceTests" */;
			buildPhases = (
				E93162F312134F6DB77CE5D0 /* Sources */,
				6A40D06143824C44AA7DB356 /* Frameworks */,
				E7E8F2C666630B6D15D106DDBDD06E60D23C /* Resources */,
			);
			buildRules = (
			);
			dependencies = (
				C16E8CE802664F418AE2C4A3 /* PBXTargetDependency */,
			);
			name = WhichSpaceTests;
			packageProductDependencies = (
				5E4C3D062F890A230003F869 /* Defaults */,
			);
			productName = WhichSpaceTests;
			productReference = DB9C64A47EF14DB495CE715F /* WhichSpaceTests.xctest */;
			productType = "com.apple.product-type.bundle.unit-test";
		};
/* End PBXNativeTarget section */

/* Begin PBXProject section */
		5E13C87F1BE03A6F00FF4305 /* Project object */ = {
			isa = PBXProject;
			attributes = {
				BuildIndependentTargetsInParallel = YES;
				LastSwiftUpdateCheck = 0710;
				LastUpgradeCheck = 2620;
				ORGANIZATIONNAME = "George Christou";
				TargetAttributes = {
					5E13C8861BE03A6F00FF4305 = {
						CreatedOnToolsVersion = 7.1;
						DevelopmentTeam = WH3AMFYJQK;
						LastSwiftMigration = 1130;
					};
				};
			};
			buildConfigurationList = 5E13C8821BE03A6F00FF4305 /* Build configuration list for PBXProject "WhichSpace" */;
			compatibilityVersion = "Xcode 3.2";
			developmentRegion = en;
			hasScannedForEncodings = 0;
			knownRegions = (
				en,
				"en-GB",
				Base,
				ar,
				bg,
				ca,
				cs,
				da,
				de,
				el,
				es,
				fa,
				fi,
				fr,
				he,
				hi,
				hu,
				id,
				it,
				ja,
				ko,
				mk,
				ms,
				nb,
				nl,
				nn,
				pa,
				pl,
				ps,
				pt,
				"pt-BR",
				ro,
				ru,
				sk,
				sr,
				sv,
				th,
				tr,
				uk,
				ur,
				vi,
				"zh-Hans",
				"zh-Hant",
				"zh-HK",
			);
			mainGroup = 5E13C87E1BE03A6F00FF4305;
			packageReferences = (
				5E342D5C2E650D570003F863 /* XCRemoteSwiftPackageReference "Sparkle" */,
				5E4C3D022F890A230003F865 /* XCRemoteSwiftPackageReference "LaunchAtLogin-Modern" */,
				5E4C3D052F890A230003F868 /* XCRemoteSwiftPackageReference "Defaults" */,
				5E4C3D082F890A230003F86A /* XCRemoteSwiftPackageReference "EmojiKit" */,
			);
			productRefGroup = 5E13C8881BE03A6F00FF4305 /* Products */;
			projectDirPath = "";
			projectRoot = "";
			targets = (
				5E13C8861BE03A6F00FF4305 /* WhichSpace */,
				6F68C4FC60B24B5FB9535767 /* WhichSpaceTests */,
			);
		};
/* End PBXProject section */

/* Begin PBXResourcesBuildPhase section */
		5E13C8851BE03A6F00FF4305 /* Resources */ = {
			isa = PBXResourcesBuildPhase;
			buildActionMask = 2147483647;
			files = (
				5E13C88D1BE03A6F00FF4305 /* Assets.xcassets in Resources */,
				A1E2D3C41B2F4A5B6C7D8E93 /* Localizable.strings in Resources */,
			);
			runOnlyForDeploymentPostprocessing = 0;
		};
		E7E8F2C666630B6D15D106DDBDD06E60D23C /* Resources */ = {
			isa = PBXResourcesBuildPhase;
			buildActionMask = 2147483647;
			files = (
			);
			runOnlyForDeploymentPostprocessing = 0;
		};
/* End PBXResourcesBuildPhase section */

/* Begin PBXSourcesBuildPhase section */
		5E13C8831BE03A6F00FF4305 /* Sources */ = {
			isa = PBXSourcesBuildPhase;
			buildActionMask = 2147483647;
			files = (
				5EB457D42EEDE8C00021C6BD /* Icon.swift in Sources */,
				5EB457D52EEDE8C00021C6BD /* SymbolPicker.swift in Sources */,
				5EB457D62EEDE8C00021C6BD /* AppState.swift in Sources */,
				5EB457D72EEDE8C00021C6BD /* DefaultsStore.swift in Sources */,
				5EB457D82EEDE8C00021C6BD /* ItemData.swift in Sources */,
				5EB457D92EEDE8C00021C6BD /* Confirm.swift in Sources */,
				5EB457DA2EEDE8C00021C6BD /* SizeSlider.swift in Sources */,
				5EB457DB2EEDE8C00021C6BD /* StylePicker.swift in Sources */,
				5EB457DC2EEDE8C00021C6BD /* Constants.swift in Sources */,
				5EB457DD2EEDE8C00021C6BD /* ItemPicker.swift in Sources */,
				5EB457DE2EEDE8C00021C6BD /* App.swift in Sources */,
				5EB457DF2EEDE8C00021C6BD /* Preferences.swift in Sources */,
				5EB457E02EEDE8C00021C6BD /* ColorSwatch.swift in Sources */,
				B4E235CBC3DD715950C1C319 /* Swatch.swift in Sources */,
				5EB457F12EEDE8C00021C6BD /* SkinToneSwatch.swift in Sources */,
				5E51B77F1E7C058F79A7FA905A69D2206B86 /* PFMoveApplication.m in Sources */,
			);
			runOnlyForDeploymentPostprocessing = 0;
		};
		E93162F312134F6DB77CE5D0 /* Sources */ = {
			isa = PBXSourcesBuildPhase;
			buildActionMask = 2147483647;
			files = (
				5EB458492EEDE9690021C6BD /* SymbolPickerTests.swift in Sources */,
				5EB4584A2EEDE9690021C6BD /* SpaceColorsBridgeTests.swift in Sources */,
				5EB4584B2EEDE9690021C6BD /* TestDefaults.swift in Sources */,
				5EB4584C2EEDE9690021C6BD /* CGSStub.swift in Sources */,
				5EB4584D2EEDE9690021C6BD /* SizeSliderTests.swift in Sources */,
				5EB4584E2EEDE9690021C6BD /* AppStateTests.swift in Sources */,
				5EB4584F2EEDE9690021C6BD /* SpaceIconGeneratorTests.swift in Sources */,
				5EB458502EEDE9690021C6BD /* AppDelegateActionsTests.swift in Sources */,
				5EB458512EEDE9690021C6BD /* SpacePreferencesTests.swift in Sources */,
				5EB458522EEDE9690021C6BD /* StylePickerTests.swift in Sources */,
				5EB458532EEDE9690021C6BD /* IconColorsTests.swift in Sources */,
				5EB458542EEDE9690021C6BD /* ColorSwatchTests.swift in Sources */,
				CB61E710EE0AA61181E63F29 /* EmojiRenderTests.swift in Sources */,
				7F97118A9292E9AE61C94CC7 /* SkinToneTests.swift in Sources */,
				97F4E259A2341F812A60881E /* ItemDataTests.swift in Sources */,
				DB808F9A959C72ABCBAADCCE /* EdgeCaseTests.swift in Sources */,
				73FAA1ED7C2DED2E7295E6FB /* AppStateEdgeCaseTests.swift in Sources */,
				ABC98EC5F8E24F379B3B00FA /* LocalizationTests.swift in Sources */,
			);
			runOnlyForDeploymentPostprocessing = 0;
		};
/* End PBXSourcesBuildPhase section */

/* Begin PBXTargetDependency section */
		C16E8CE802664F418AE2C4A3 /* PBXTargetDependency */ = {
			isa = PBXTargetDependency;
			target = 5E13C8861BE03A6F00FF4305 /* WhichSpace */;
			targetProxy = D904FB054A124D368F963393 /* PBXContainerItemProxy */;
		};
/* End PBXTargetDependency section */

/* Begin PBXVariantGroup section */
		A1E2D3C41B2F4A5B6C7D8E92 /* Localizable.strings */ = {
			isa = PBXVariantGroup;
			children = (
				A1E2D3C41B2F4A5B6C7D8E90 /* en */,
				A1E2D3C41B2F4A5B6C7D8E91 /* en-GB */,
				A8A6FD62402F420DB7E3884C /* fr */,
				FDE6B678B7B34824A1E54F20 /* it */,
				21C1B131299F4E0192C3FC74 /* es */,
				ACA032EBBCE048A08A068436 /* fa */,
				03C3F9BE9CFA4A9DAF193E59 /* ar */,
				DB2600736D374E9CA3D3B0C0 /* ca */,
				93AA53A13C8A424AB6949DBC /* pt-BR */,
				D947CC1B91154C94B1CDD8C4 /* ja */,
				1AA71C4E72154414A53954D4 /* nl */,
				123405350D954F72846AC61B /* tr */,
				515CDC547D5946AA89736643 /* el */,
				420D465A87A045E580F22906 /* fi */,
				807B3B95BB41422D9203B084 /* pl */,
				93005E032C404438819BC8AA /* cs */,
				ABE5D6A7A61741149A153DD0 /* hu */,
				9E13615AA6A34B10824C53D6 /* th */,
				2707A52C1AB144A49ABF86D2 /* ro */,
				121218095F90444CBEF2E283 /* da */,
				14841FD5F93B40D1AC2277C4 /* de */,
				6F21C1DC63754CE988EEA22A /* ko */,
				D756B7726E3444E9ABF432D7 /* mk */,
				C6D3AFB473EA4F76B4990A6A /* ms */,
				67FD160C5C434A2D9B2F5EFF /* nb */,
				C4E2384935764343A450E4CE /* nn */,
				0DAFFE00FADA4DD7B2AA353B /* ru */,
				21127BCA775F490085FD0D50 /* sr */,
				21127BCA775F490085FD0D51 /* sk */,
				7C17E97A5F1E4C52B6C52F9A /* uk */,
				DA0E3DCAA47F4DEEA90A4D5B /* bg */,
				0D5BD1F700294A27968597BB /* he */,
				AE982813BA174B12B48DF82B /* hi */,
				3CD9005C548848A49423B30E /* id */,
				440FC8442DF94443BC6B910D /* pa */,
				D149E532B1EE4AF49B7A1A37 /* ps */,
				55D31BFB83464D3BAE194F67 /* sv */,
				A2CBE9D10F47426A953F7150 /* pt */,
				8CD6CD3480D44E6AB467C587 /* zh-Hans */,
				48942909681A4A6788F382D0 /* zh-Hant */,
				92CBBCD5E6BD4ADABE86FC18 /* zh-HK */,
				9FD65EDF490C4EC9A8A22CF1 /* ur */,
				6C1FC1D69E73466AA744CA31 /* vi */,
			);
			name = Localizable.strings;
			sourceTree = "<group>";
		};
/* End PBXVariantGroup section */

/* Begin XCBuildConfiguration section */
		5E13C8921BE03A6F00FF4305 /* Debug */ = {
			isa = XCBuildConfiguration;
			buildSettings = {
				ALWAYS_SEARCH_USER_PATHS = NO;
				CLANG_ANALYZER_LOCALIZABILITY_NONLOCALIZED = YES;
				CLANG_CXX_LANGUAGE_STANDARD = "gnu++0x";
				CLANG_CXX_LIBRARY = "libc++";
				CLANG_ENABLE_MODULES = YES;
				CLANG_ENABLE_OBJC_ARC = YES;
				CLANG_WARN_BLOCK_CAPTURE_AUTORELEASING = YES;
				CLANG_WARN_BOOL_CONVERSION = YES;
				CLANG_WARN_COMMA = YES;
				CLANG_WARN_CONSTANT_CONVERSION = YES;
				CLANG_WARN_DEPRECATED_OBJC_IMPLEMENTATIONS = YES;
				CLANG_WARN_DIRECT_OBJC_ISA_USAGE = YES_ERROR;
				CLANG_WARN_EMPTY_BODY = YES;
				CLANG_WARN_ENUM_CONVERSION = YES;
				CLANG_WARN_INFINITE_RECURSION = YES;
				CLANG_WARN_INT_CONVERSION = YES;
				CLANG_WARN_NON_LITERAL_NULL_CONVERSION = YES;
				CLANG_WARN_OBJC_IMPLICIT_RETAIN_SELF = YES;
				CLANG_WARN_OBJC_LITERAL_CONVERSION = YES;
				CLANG_WARN_OBJC_ROOT_CLASS = YES_ERROR;
				CLANG_WARN_QUOTED_INCLUDE_IN_FRAMEWORK_HEADER = YES;
				CLANG_WARN_RANGE_LOOP_ANALYSIS = YES;
				CLANG_WARN_STRICT_PROTOTYPES = YES;
				CLANG_WARN_SUSPICIOUS_MOVE = YES;
				CLANG_WARN_UNREACHABLE_CODE = YES;
				CLANG_WARN__DUPLICATE_METHOD_MATCH = YES;
				CODE_SIGN_IDENTITY = "-";
				COPY_PHASE_STRIP = NO;
				DEAD_CODE_STRIPPING = YES;
				DEBUG_INFORMATION_FORMAT = dwarf;
				DEVELOPMENT_TEAM = WH3AMFYJQK;
				ENABLE_STRICT_OBJC_MSGSEND = YES;
				ENABLE_TESTABILITY = YES;
				ENABLE_USER_SCRIPT_SANDBOXING = YES;
				GCC_C_LANGUAGE_STANDARD = gnu99;
				GCC_DYNAMIC_NO_PIC = NO;
				GCC_NO_COMMON_BLOCKS = YES;
				GCC_OPTIMIZATION_LEVEL = 0;
				GCC_PREPROCESSOR_DEFINITIONS = (
					"DEBUG=1",
					"$(inherited)",
				);
				GCC_WARN_64_TO_32_BIT_CONVERSION = YES;
				GCC_WARN_ABOUT_RETURN_TYPE = YES_ERROR;
				GCC_WARN_UNDECLARED_SELECTOR = YES;
				GCC_WARN_UNINITIALIZED_AUTOS = YES_AGGRESSIVE;
				GCC_WARN_UNUSED_FUNCTION = YES;
				GCC_WARN_UNUSED_VARIABLE = YES;
				MACOSX_DEPLOYMENT_TARGET = 14.0;
				MTL_ENABLE_DEBUG_INFO = YES;
				ONLY_ACTIVE_ARCH = YES;
				SDKROOT = macosx;
				STRING_CATALOG_GENERATE_SYMBOLS = YES;
				SWIFT_OPTIMIZATION_LEVEL = "-Onone";
			};
			name = Debug;
		};
		5E13C8931BE03A6F00FF4305 /* Release */ = {
			isa = XCBuildConfiguration;
			buildSettings = {
				ALWAYS_SEARCH_USER_PATHS = NO;
				CLANG_ANALYZER_LOCALIZABILITY_NONLOCALIZED = YES;
				CLANG_CXX_LANGUAGE_STANDARD = "gnu++0x";
				CLANG_CXX_LIBRARY = "libc++";
				CLANG_ENABLE_MODULES = YES;
				CLANG_ENABLE_OBJC_ARC = YES;
				CLANG_WARN_BLOCK_CAPTURE_AUTORELEASING = YES;
				CLANG_WARN_BOOL_CONVERSION = YES;
				CLANG_WARN_COMMA = YES;
				CLANG_WARN_CONSTANT_CONVERSION = YES;
				CLANG_WARN_DEPRECATED_OBJC_IMPLEMENTATIONS = YES;
				CLANG_WARN_DIRECT_OBJC_ISA_USAGE = YES_ERROR;
				CLANG_WARN_EMPTY_BODY = YES;
				CLANG_WARN_ENUM_CONVERSION = YES;
				CLANG_WARN_INFINITE_RECURSION = YES;
				CLANG_WARN_INT_CONVERSION = YES;
				CLANG_WARN_NON_LITERAL_NULL_CONVERSION = YES;
				CLANG_WARN_OBJC_IMPLICIT_RETAIN_SELF = YES;
				CLANG_WARN_OBJC_LITERAL_CONVERSION = YES;
				CLANG_WARN_OBJC_ROOT_CLASS = YES_ERROR;
				CLANG_WARN_QUOTED_INCLUDE_IN_FRAMEWORK_HEADER = YES;
				CLANG_WARN_RANGE_LOOP_ANALYSIS = YES;
				CLANG_WARN_STRICT_PROTOTYPES = YES;
				CLANG_WARN_SUSPICIOUS_MOVE = YES;
				CLANG_WARN_UNREACHABLE_CODE = YES;
				CLANG_WARN__DUPLICATE_METHOD_MATCH = YES;
				CODE_SIGN_IDENTITY = "-";
				COPY_PHASE_STRIP = NO;
				DEAD_CODE_STRIPPING = YES;
				DEBUG_INFORMATION_FORMAT = "dwarf-with-dsym";
				DEVELOPMENT_TEAM = WH3AMFYJQK;
				ENABLE_NS_ASSERTIONS = NO;
				ENABLE_STRICT_OBJC_MSGSEND = YES;
				ENABLE_USER_SCRIPT_SANDBOXING = YES;
				GCC_C_LANGUAGE_STANDARD = gnu99;
				GCC_NO_COMMON_BLOCKS = YES;
				GCC_WARN_64_TO_32_BIT_CONVERSION = YES;
				GCC_WARN_ABOUT_RETURN_TYPE = YES_ERROR;
				GCC_WARN_UNDECLARED_SELECTOR = YES;
				GCC_WARN_UNINITIALIZED_AUTOS = YES_AGGRESSIVE;
				GCC_WARN_UNUSED_FUNCTION = YES;
				GCC_WARN_UNUSED_VARIABLE = YES;
				MACOSX_DEPLOYMENT_TARGET = 14.0;
				MTL_ENABLE_DEBUG_INFO = NO;
				SDKROOT = macosx;
				STRING_CATALOG_GENERATE_SYMBOLS = YES;
				SWIFT_COMPILATION_MODE = wholemodule;
				SWIFT_OPTIMIZATION_LEVEL = "-O";
			};
			name = Release;
		};
		5E13C8951BE03A6F00FF4305 /* Debug */ = {
			isa = XCBuildConfiguration;
			buildSettings = {
				ASSETCATALOG_COMPILER_APPICON_NAME = AppIcon;
				CODE_SIGN_IDENTITY = "-";
				COMBINE_HIDPI_IMAGES = YES;
				CURRENT_PROJECT_VERSION = 0.12.9;
				DEAD_CODE_STRIPPING = YES;
				DEVELOPMENT_TEAM = WH3AMFYJQK;
				ENABLE_HARDENED_RUNTIME = YES;
				FRAMEWORK_SEARCH_PATHS = (
					"$(inherited)",
					/System/Library/PrivateFrameworks,
				);
				INFOPLIST_FILE = WhichSpace/Info.plist;
				LD_RUNPATH_SEARCH_PATHS = (
					"$(inherited)",
					"@executable_path/../Frameworks",
				);
				MARKETING_VERSION = 0.12.9;
				OTHER_LDFLAGS = (
					"-framework",
					SkyLight,
				);
				PRODUCT_BUNDLE_IDENTIFIER = io.gechr.WhichSpace;
				PRODUCT_NAME = "$(TARGET_NAME)";
				SWIFT_OBJC_BRIDGING_HEADER = "WhichSpace/Classes/WhichSpace-Bridging-Header.h";
				SWIFT_SWIFT3_OBJC_INFERENCE = Default;
				SWIFT_VERSION = 5.0;
			};
			name = Debug;
		};
		5E13C8961BE03A6F00FF4305 /* Release */ = {
			isa = XCBuildConfiguration;
			buildSettings = {
				ASSETCATALOG_COMPILER_APPICON_NAME = AppIcon;
				CODE_SIGN_IDENTITY = "-";
				COMBINE_HIDPI_IMAGES = YES;
				CURRENT_PROJECT_VERSION = 0.12.9;
				DEAD_CODE_STRIPPING = YES;
				DEVELOPMENT_TEAM = WH3AMFYJQK;
				ENABLE_HARDENED_RUNTIME = YES;
				FRAMEWORK_SEARCH_PATHS = (
					"$(inherited)",
					/System/Library/PrivateFrameworks,
				);
				INFOPLIST_FILE = WhichSpace/Info.plist;
				LD_RUNPATH_SEARCH_PATHS = (
					"$(inherited)",
					"@executable_path/../Frameworks",
				);
				MARKETING_VERSION = 0.12.9;
				OTHER_LDFLAGS = (
					"-framework",
					SkyLight,
				);
				PRODUCT_BUNDLE_IDENTIFIER = io.gechr.WhichSpace;
				PRODUCT_NAME = "$(TARGET_NAME)";
				SWIFT_OBJC_BRIDGING_HEADER = "WhichSpace/Classes/WhichSpace-Bridging-Header.h";
				SWIFT_SWIFT3_OBJC_INFERENCE = Default;
				SWIFT_VERSION = 5.0;
			};
			name = Release;
		};
		7BDBDD86E0ED4950A994F43D /* Release */ = {
			isa = XCBuildConfiguration;
			buildSettings = {
				BUNDLE_LOADER = "$(TEST_HOST)";
				CODE_SIGN_IDENTITY = "-";
				DEAD_CODE_STRIPPING = YES;
				DEVELOPMENT_TEAM = WH3AMFYJQK;
				GENERATE_INFOPLIST_FILE = YES;
				LD_RUNPATH_SEARCH_PATHS = (
					"$(inherited)",
					"@executable_path/../Frameworks",
					"@loader_path/../Frameworks",
				);
				MACOSX_DEPLOYMENT_TARGET = 14.0;
				PRODUCT_BUNDLE_IDENTIFIER = io.gechr.WhichSpaceTests;
				PRODUCT_NAME = "$(TARGET_NAME)";
				SWIFT_VERSION = 5.0;
				TEST_HOST = "$(BUILT_PRODUCTS_DIR)/WhichSpace.app/Contents/MacOS/WhichSpace";
			};
			name = Release;
		};
		E279EF375A8F48E0959E1A0D /* Debug */ = {
			isa = XCBuildConfiguration;
			buildSettings = {
				BUNDLE_LOADER = "$(TEST_HOST)";
				CODE_SIGN_IDENTITY = "-";
				DEAD_CODE_STRIPPING = YES;
				DEVELOPMENT_TEAM = WH3AMFYJQK;
				GENERATE_INFOPLIST_FILE = YES;
				LD_RUNPATH_SEARCH_PATHS = (
					"$(inherited)",
					"@executable_path/../Frameworks",
					"@loader_path/../Frameworks",
				);
				MACOSX_DEPLOYMENT_TARGET = 14.0;
				PRODUCT_BUNDLE_IDENTIFIER = io.gechr.WhichSpaceTests;
				PRODUCT_NAME = "$(TARGET_NAME)";
				SWIFT_VERSION = 5.0;
				TEST_HOST = "$(BUILT_PRODUCTS_DIR)/WhichSpace.app/Contents/MacOS/WhichSpace";
			};
			name = Debug;
		};
/* End XCBuildConfiguration section */

/* Begin XCConfigurationList section */
		5E13C8821BE03A6F00FF4305 /* Build configuration list for PBXProject "WhichSpace" */ = {
			isa = XCConfigurationList;
			buildConfigurations = (
				5E13C8921BE03A6F00FF4305 /* Debug */,
				5E13C8931BE03A6F00FF4305 /* Release */,
			);
			defaultConfigurationIsVisible = 0;
			defaultConfigurationName = Release;
		};
		5E13C8941BE03A6F00FF4305 /* Build configuration list for PBXNativeTarget "WhichSpace" */ = {
			isa = XCConfigurationList;
			buildConfigurations = (
				5E13C8951BE03A6F00FF4305 /* Debug */,
				5E13C8961BE03A6F00FF4305 /* Release */,
			);
			defaultConfigurationIsVisible = 0;
			defaultConfigurationName = Release;
		};
		5FB2252A28644A6483375DE7 /* Build configuration list for PBXNativeTarget "WhichSpaceTests" */ = {
			isa = XCConfigurationList;
			buildConfigurations = (
				E279EF375A8F48E0959E1A0D /* Debug */,
				7BDBDD86E0ED4950A994F43D /* Release */,
			);
			defaultConfigurationIsVisible = 0;
			defaultConfigurationName = Release;
		};
/* End XCConfigurationList section */

/* Begin XCRemoteSwiftPackageReference section */
		5E342D5C2E650D570003F863 /* XCRemoteSwiftPackageReference "Sparkle" */ = {
			isa = XCRemoteSwiftPackageReference;
			repositoryURL = "https://github.com/sparkle-project/Sparkle";
			requirement = {
				kind = upToNextMajorVersion;
				minimumVersion = 2.8.1;
			};
		};
		5E4C3D022F890A230003F865 /* XCRemoteSwiftPackageReference "LaunchAtLogin-Modern" */ = {
			isa = XCRemoteSwiftPackageReference;
			repositoryURL = "https://github.com/sindresorhus/LaunchAtLogin-Modern";
			requirement = {
				kind = upToNextMajorVersion;
				minimumVersion = 1.0.0;
			};
		};
		5E4C3D052F890A230003F868 /* XCRemoteSwiftPackageReference "Defaults" */ = {
			isa = XCRemoteSwiftPackageReference;
			repositoryURL = "https://github.com/sindresorhus/Defaults";
			requirement = {
				kind = upToNextMajorVersion;
				minimumVersion = 9.0.0;
			};
		};
		5E4C3D082F890A230003F86A /* XCRemoteSwiftPackageReference "EmojiKit" */ = {
			isa = XCRemoteSwiftPackageReference;
			repositoryURL = "https://github.com/danielsaidi/EmojiKit";
			requirement = {
				kind = upToNextMajorVersion;
				minimumVersion = 2.2.1;
			};
		};
/* End XCRemoteSwiftPackageReference section */

/* Begin XCSwiftPackageProductDependency section */
		5E342D5D2E650D570003F863 /* Sparkle */ = {
			isa = XCSwiftPackageProductDependency;
			package = 5E342D5C2E650D570003F863 /* XCRemoteSwiftPackageReference "Sparkle" */;
			productName = Sparkle;
		};
		5E4C3D032F890A230003F866 /* LaunchAtLogin */ = {
			isa = XCSwiftPackageProductDependency;
			package = 5E4C3D022F890A230003F865 /* XCRemoteSwiftPackageReference "LaunchAtLogin-Modern" */;
			productName = LaunchAtLogin;
		};
		5E4C3D062F890A230003F869 /* Defaults */ = {
			isa = XCSwiftPackageProductDependency;
			package = 5E4C3D052F890A230003F868 /* XCRemoteSwiftPackageReference "Defaults" */;
			productName = Defaults;
		};
		5E4C3D092F890A230003F86B /* EmojiKit */ = {
			isa = XCSwiftPackageProductDependency;
			package = 5E4C3D082F890A230003F86A /* XCRemoteSwiftPackageReference "EmojiKit" */;
			productName = EmojiKit;
		};
/* End XCSwiftPackageProductDependency section */
	};
	rootObject = 5E13C87F1BE03A6F00FF4305 /* Project object */;
}
