// !$*UTF8*$!
{
	archiveVersion = 1;
	classes = {
	};
	objectVersion = 46;
	objects = {

/* Begin PBXBuildFile section */
		3AE480061BE3516200E22248 /* SpaceIconGenerator.swift in Sources */ = {isa = PBXBuildFile; fileRef = 3AE480051BE3516200E22248 /* SpaceIconGenerator.swift */; };
		5E13C88B1BE03A6F00FF4305 /* AppDelegate.swift in Sources */ = {isa = PBXBuildFile; fileRef = 5E13C88A1BE03A6F00FF4305 /* AppDelegate.swift */; };
		5E13C88D1BE03A6F00FF4305 /* Assets.xcassets in Resources */ = {isa = PBXBuildFile; fileRef = 5E13C88C1BE03A6F00FF4305 /* Assets.xcassets */; };
		5E13C8901BE03A6F00FF4305 /* MainMenu.xib in Resources */ = {isa = PBXBuildFile; fileRef = 5E13C88E1BE03A6F00FF4305 /* MainMenu.xib */; };
		5E342D5E2E650D570003F863 /* Sparkle in Frameworks */ = {isa = PBXBuildFile; productRef = 5E342D5D2E650D570003F863 /* Sparkle */; };
		5E51B77F1E7EE562009395E6 /* PFMoveApplication.m in Sources */ = {isa = PBXBuildFile; fileRef = 5E51B77E1E7EE562009395E6 /* PFMoveApplication.m */; settings = {COMPILER_FLAGS = "-fno-objc-arc"; }; };
		5E51B7811E7EE64C009395E6 /* Security.framework in Frameworks */ = {isa = PBXBuildFile; fileRef = 5E51B7801E7EE64C009395E6 /* Security.framework */; };
		5E51B7851E7EE7BF009395E6 /* BuildFile in CopyFiles */ = {isa = PBXBuildFile; settings = {ATTRIBUTES = (CodeSignOnCopy, RemoveHeadersOnCopy, ); }; };
		7A6E621AFE7580D49E7E7714 /* SpacePreferences.swift in Sources */ = {isa = PBXBuildFile; fileRef = 9EBA7DD8EA9C87994B985726 /* SpacePreferences.swift */; };
		A1E2D3C41B2F4A5B6C7D8E93 /* Localizable.strings in Resources */ = {isa = PBXBuildFile; fileRef = A1E2D3C41B2F4A5B6C7D8E92 /* Localizable.strings */; };
		A5AE357C03C4D0E1DDD62E6F /* ColorSwatchView.swift in Sources */ = {isa = PBXBuildFile; fileRef = C8C8D752372D8C9EAE5667B1 /* ColorSwatchView.swift */; };
		B7D9E4A12F3C8B7E9A1D5C3F /* IconStyleRowView.swift in Sources */ = {isa = PBXBuildFile; fileRef = D4F2A6B83E5D9C0F1B2E7A48 /* IconStyleRowView.swift */; };
		F6D4B8E13C5A9F2E7B1D3E84 /* SFSymbolPickerView.swift in Sources */ = {isa = PBXBuildFile; fileRef = E5F3A7C92D4B8E1F6A3C9D72 /* SFSymbolPickerView.swift */; };
/* End PBXBuildFile section */

/* Begin PBXCopyFilesBuildPhase section */
		5E7B3C6A1BEEDB4600CA19A4 /* CopyFiles */ = {
			isa = PBXCopyFilesBuildPhase;
			buildActionMask = 2147483647;
			dstPath = "";
			dstSubfolderSpec = 10;
			files = (
				5E51B7851E7EE7BF009395E6 /* BuildFile in CopyFiles */,
			);
			runOnlyForDeploymentPostprocessing = 0;
		};
/* End PBXCopyFilesBuildPhase section */

/* Begin PBXFileReference section */
		3AE480051BE3516200E22248 /* SpaceIconGenerator.swift */ = {isa = PBXFileReference; fileEncoding = 4; lastKnownFileType = sourcecode.swift; path = SpaceIconGenerator.swift; sourceTree = "<group>"; };
		3AE480071BE35A2F00E22248 /* WhichSpaceBridge.h */ = {isa = PBXFileReference; lastKnownFileType = sourcecode.c.h; path = WhichSpaceBridge.h; sourceTree = "<group>"; };
		5E13C8871BE03A6F00FF4305 /* WhichSpace.app */ = {isa = PBXFileReference; explicitFileType = wrapper.application; includeInIndex = 0; path = WhichSpace.app; sourceTree = BUILT_PRODUCTS_DIR; };
		5E13C88A1BE03A6F00FF4305 /* AppDelegate.swift */ = {isa = PBXFileReference; lastKnownFileType = sourcecode.swift; path = AppDelegate.swift; sourceTree = "<group>"; };
		5E13C88C1BE03A6F00FF4305 /* Assets.xcassets */ = {isa = PBXFileReference; lastKnownFileType = folder.assetcatalog; path = Assets.xcassets; sourceTree = "<group>"; };
		5E13C88F1BE03A6F00FF4305 /* Base */ = {isa = PBXFileReference; lastKnownFileType = file.xib; name = Base; path = Base.lproj/MainMenu.xib; sourceTree = "<group>"; };
		5E13C8911BE03A6F00FF4305 /* Info.plist */ = {isa = PBXFileReference; lastKnownFileType = text.plist.xml; path = Info.plist; sourceTree = "<group>"; };
		5E3A37FC1BF004D50085EFD9 /* Sparkle.framework */ = {isa = PBXFileReference; lastKnownFileType = wrapper.framework; path = Sparkle.framework; sourceTree = "<group>"; };
		5E51B77D1E7EE562009395E6 /* PFMoveApplication.h */ = {isa = PBXFileReference; fileEncoding = 4; lastKnownFileType = sourcecode.c.h; path = PFMoveApplication.h; sourceTree = "<group>"; };
		5E51B77E1E7EE562009395E6 /* PFMoveApplication.m */ = {isa = PBXFileReference; fileEncoding = 4; lastKnownFileType = sourcecode.c.objc; path = PFMoveApplication.m; sourceTree = "<group>"; };
		5E51B7801E7EE64C009395E6 /* Security.framework */ = {isa = PBXFileReference; lastKnownFileType = wrapper.framework; name = Security.framework; path = System/Library/Frameworks/Security.framework; sourceTree = SDKROOT; };
		9EBA7DD8EA9C87994B985726 /* SpacePreferences.swift */ = {isa = PBXFileReference; includeInIndex = 1; lastKnownFileType = sourcecode.swift; name = SpacePreferences.swift; path = WhichSpace/Classes/SpacePreferences.swift; sourceTree = "<group>"; };
		A1E2D3C41B2F4A5B6C7D8E90 /* en */ = {isa = PBXFileReference; lastKnownFileType = text.plist.strings; name = en; path = en.lproj/Localizable.strings; sourceTree = "<group>"; };
		A1E2D3C41B2F4A5B6C7D8E91 /* en-GB */ = {isa = PBXFileReference; lastKnownFileType = text.plist.strings; name = "en-GB"; path = "en-GB.lproj/Localizable.strings"; sourceTree = "<group>"; };
		A1E2D3C41B2F4A5B6C7D8E94 /* en */ = {isa = PBXFileReference; lastKnownFileType = text.plist.strings; name = en; path = en.lproj/MainMenu.strings; sourceTree = "<group>"; };
		A1E2D3C41B2F4A5B6C7D8E95 /* en-GB */ = {isa = PBXFileReference; lastKnownFileType = text.plist.strings; name = "en-GB"; path = "en-GB.lproj/MainMenu.strings"; sourceTree = "<group>"; };
		C8C8D752372D8C9EAE5667B1 /* ColorSwatchView.swift */ = {isa = PBXFileReference; includeInIndex = 1; lastKnownFileType = sourcecode.swift; name = ColorSwatchView.swift; path = WhichSpace/Classes/ColorSwatchView.swift; sourceTree = "<group>"; };
		D4F2A6B83E5D9C0F1B2E7A48 /* IconStyleRowView.swift */ = {isa = PBXFileReference; includeInIndex = 1; lastKnownFileType = sourcecode.swift; name = IconStyleRowView.swift; path = WhichSpace/Classes/IconStyleRowView.swift; sourceTree = "<group>"; };
		E5F3A7C92D4B8E1F6A3C9D72 /* SFSymbolPickerView.swift */ = {isa = PBXFileReference; includeInIndex = 1; lastKnownFileType = sourcecode.swift; name = SFSymbolPickerView.swift; path = WhichSpace/Classes/SFSymbolPickerView.swift; sourceTree = "<group>"; };
/* End PBXFileReference section */

/* Begin PBXFrameworksBuildPhase section */
		5E13C8841BE03A6F00FF4305 /* Frameworks */ = {
			isa = PBXFrameworksBuildPhase;
			buildActionMask = 2147483647;
			files = (
				5E51B7811E7EE64C009395E6 /* Security.framework in Frameworks */,
				5E342D5E2E650D570003F863 /* Sparkle in Frameworks */,
			);
			runOnlyForDeploymentPostprocessing = 0;
		};
/* End PBXFrameworksBuildPhase section */

/* Begin PBXGroup section */
		5E13C87E1BE03A6F00FF4305 = {
			isa = PBXGroup;
			children = (
				5EC84D811BEFB80900829140 /* Classes */,
				5E7B3C671BEEDAEA00CA19A4 /* Frameworks */,
				5E13C8891BE03A6F00FF4305 /* Resources */,
				5E13C8881BE03A6F00FF4305 /* Products */,
				81D85DAD75ABF281E1B2B041 /* Frameworks */,
				7B42401AA38FA345351B4786 /* WhichSpace */,
			);
			sourceTree = "<group>";
		};
		5E13C8881BE03A6F00FF4305 /* Products */ = {
			isa = PBXGroup;
			children = (
				5E13C8871BE03A6F00FF4305 /* WhichSpace.app */,
			);
			name = Products;
			sourceTree = "<group>";
		};
		5E13C8891BE03A6F00FF4305 /* Resources */ = {
			isa = PBXGroup;
			children = (
				5E13C88C1BE03A6F00FF4305 /* Assets.xcassets */,
				5E13C88E1BE03A6F00FF4305 /* MainMenu.xib */,
				5E13C8911BE03A6F00FF4305 /* Info.plist */,
				A1E2D3C41B2F4A5B6C7D8E92 /* Localizable.strings */,
			);
			name = Resources;
			path = WhichSpace;
			sourceTree = "<group>";
		};
		5E7B3C671BEEDAEA00CA19A4 /* Frameworks */ = {
			isa = PBXGroup;
			children = (
				5E51B7801E7EE64C009395E6 /* Security.framework */,
				5E3A37FC1BF004D50085EFD9 /* Sparkle.framework */,
			);
			name = Frameworks;
			path = WhichSpace/Frameworks;
			sourceTree = "<group>";
		};
		5EC84D811BEFB80900829140 /* Classes */ = {
			isa = PBXGroup;
			children = (
				5E51B77D1E7EE562009395E6 /* PFMoveApplication.h */,
				5E51B77E1E7EE562009395E6 /* PFMoveApplication.m */,
				5E13C88A1BE03A6F00FF4305 /* AppDelegate.swift */,
				3AE480051BE3516200E22248 /* SpaceIconGenerator.swift */,
				3AE480071BE35A2F00E22248 /* WhichSpaceBridge.h */,
			);
			name = Classes;
			path = WhichSpace/Classes;
			sourceTree = "<group>";
		};
		7B42401AA38FA345351B4786 /* WhichSpace */ = {
			isa = PBXGroup;
			children = (
				A0ED316349CD243CFDDA9A69 /* Classes */,
			);
			name = WhichSpace;
			sourceTree = "<group>";
		};
		81D85DAD75ABF281E1B2B041 /* Frameworks */ = {
			isa = PBXGroup;
			children = (
			);
			name = Frameworks;
			sourceTree = "<group>";
		};
		A0ED316349CD243CFDDA9A69 /* Classes */ = {
			isa = PBXGroup;
			children = (
				9EBA7DD8EA9C87994B985726 /* SpacePreferences.swift */,
				C8C8D752372D8C9EAE5667B1 /* ColorSwatchView.swift */,
				D4F2A6B83E5D9C0F1B2E7A48 /* IconStyleRowView.swift */,
				E5F3A7C92D4B8E1F6A3C9D72 /* SFSymbolPickerView.swift */,
			);
			name = Classes;
			sourceTree = "<group>";
		};
/* End PBXGroup section */

/* Begin PBXNativeTarget section */
		5E13C8861BE03A6F00FF4305 /* WhichSpace */ = {
			isa = PBXNativeTarget;
			buildConfigurationList = 5E13C8941BE03A6F00FF4305 /* Build configuration list for PBXNativeTarget "WhichSpace" */;
			buildPhases = (
				5E13C8831BE03A6F00FF4305 /* Sources */,
				5E13C8841BE03A6F00FF4305 /* Frameworks */,
				5E13C8851BE03A6F00FF4305 /* Resources */,
				5E7B3C6A1BEEDB4600CA19A4 /* CopyFiles */,
			);
			buildRules = (
			);
			dependencies = (
			);
			name = WhichSpace;
			productName = WhichSpace;
			productReference = 5E13C8871BE03A6F00FF4305 /* WhichSpace.app */;
			productType = "com.apple.product-type.application";
		};
/* End PBXNativeTarget section */

/* Begin PBXProject section */
		5E13C87F1BE03A6F00FF4305 /* Project object */ = {
			isa = PBXProject;
			attributes = {
				LastSwiftUpdateCheck = 0710;
				LastUpgradeCheck = 1600;
				ORGANIZATIONNAME = "George Christou";
				TargetAttributes = {
					5E13C8861BE03A6F00FF4305 = {
						CreatedOnToolsVersion = 7.1;
						DevelopmentTeam = WH3AMFYJQK;
						LastSwiftMigration = 1130;
					};
				};
			};
			buildConfigurationList = 5E13C8821BE03A6F00FF4305 /* Build configuration list for PBXProject "WhichSpace" */;
			compatibilityVersion = "Xcode 3.2";
			developmentRegion = en;
			hasScannedForEncodings = 0;
			knownRegions = (
				en,
				"en-GB",
				Base,
				ca,
				cs,
				da,
				de,
				es,
				fr,
				hu,
				it,
				ja,
				ko,
				mk,
				nb,
				nl,
				pl,
				pt,
				pt_BR,
				ru,
				sk,
				sr,
				sv,
				tr,
				zh_CN,
				zh_TW,
			);
			mainGroup = 5E13C87E1BE03A6F00FF4305;
			packageReferences = (
				5E342D5C2E650D570003F863 /* XCRemoteSwiftPackageReference "Sparkle" */,
			);
			productRefGroup = 5E13C8881BE03A6F00FF4305 /* Products */;
			projectDirPath = "";
			projectRoot = "";
			targets = (
				5E13C8861BE03A6F00FF4305 /* WhichSpace */,
			);
		};
/* End PBXProject section */

/* Begin PBXResourcesBuildPhase section */
		5E13C8851BE03A6F00FF4305 /* Resources */ = {
			isa = PBXResourcesBuildPhase;
			buildActionMask = 2147483647;
			files = (
				5E13C88D1BE03A6F00FF4305 /* Assets.xcassets in Resources */,
				5E13C8901BE03A6F00FF4305 /* MainMenu.xib in Resources */,
				A1E2D3C41B2F4A5B6C7D8E93 /* Localizable.strings in Resources */,
			);
			runOnlyForDeploymentPostprocessing = 0;
		};
/* End PBXResourcesBuildPhase section */

/* Begin PBXSourcesBuildPhase section */
		5E13C8831BE03A6F00FF4305 /* Sources */ = {
			isa = PBXSourcesBuildPhase;
			buildActionMask = 2147483647;
			files = (
				5E13C88B1BE03A6F00FF4305 /* AppDelegate.swift in Sources */,
				3AE480061BE3516200E22248 /* SpaceIconGenerator.swift in Sources */,
				5E51B77F1E7EE562009395E6 /* PFMoveApplication.m in Sources */,
				7A6E621AFE7580D49E7E7714 /* SpacePreferences.swift in Sources */,
				A5AE357C03C4D0E1DDD62E6F /* ColorSwatchView.swift in Sources */,
				B7D9E4A12F3C8B7E9A1D5C3F /* IconStyleRowView.swift in Sources */,
				F6D4B8E13C5A9F2E7B1D3E84 /* SFSymbolPickerView.swift in Sources */,
			);
			runOnlyForDeploymentPostprocessing = 0;
		};
/* End PBXSourcesBuildPhase section */

/* Begin PBXVariantGroup section */
		5E13C88E1BE03A6F00FF4305 /* MainMenu.xib */ = {
			isa = PBXVariantGroup;
			children = (
				5E13C88F1BE03A6F00FF4305 /* Base */,
				A1E2D3C41B2F4A5B6C7D8E94 /* en */,
				A1E2D3C41B2F4A5B6C7D8E95 /* en-GB */,
			);
			name = MainMenu.xib;
			sourceTree = "<group>";
		};
		A1E2D3C41B2F4A5B6C7D8E92 /* Localizable.strings */ = {
			isa = PBXVariantGroup;
			children = (
				A1E2D3C41B2F4A5B6C7D8E90 /* en */,
				A1E2D3C41B2F4A5B6C7D8E91 /* en-GB */,
			);
			name = Localizable.strings;
			sourceTree = "<group>";
		};
/* End PBXVariantGroup section */

/* Begin XCBuildConfiguration section */
		5E13C8921BE03A6F00FF4305 /* Debug */ = {
			isa = XCBuildConfiguration;
			buildSettings = {
				ALWAYS_SEARCH_USER_PATHS = NO;
				CLANG_ANALYZER_LOCALIZABILITY_NONLOCALIZED = YES;
				CLANG_CXX_LANGUAGE_STANDARD = "gnu++0x";
				CLANG_CXX_LIBRARY = "libc++";
				CLANG_ENABLE_MODULES = YES;
				CLANG_ENABLE_OBJC_ARC = YES;
				CLANG_WARN_BLOCK_CAPTURE_AUTORELEASING = YES;
				CLANG_WARN_BOOL_CONVERSION = YES;
				CLANG_WARN_COMMA = YES;
				CLANG_WARN_CONSTANT_CONVERSION = YES;
				CLANG_WARN_DEPRECATED_OBJC_IMPLEMENTATIONS = YES;
				CLANG_WARN_DIRECT_OBJC_ISA_USAGE = YES_ERROR;
				CLANG_WARN_EMPTY_BODY = YES;
				CLANG_WARN_ENUM_CONVERSION = YES;
				CLANG_WARN_INFINITE_RECURSION = YES;
				CLANG_WARN_INT_CONVERSION = YES;
				CLANG_WARN_NON_LITERAL_NULL_CONVERSION = YES;
				CLANG_WARN_OBJC_IMPLICIT_RETAIN_SELF = YES;
				CLANG_WARN_OBJC_LITERAL_CONVERSION = YES;
				CLANG_WARN_OBJC_ROOT_CLASS = YES_ERROR;
				CLANG_WARN_QUOTED_INCLUDE_IN_FRAMEWORK_HEADER = YES;
				CLANG_WARN_RANGE_LOOP_ANALYSIS = YES;
				CLANG_WARN_STRICT_PROTOTYPES = YES;
				CLANG_WARN_SUSPICIOUS_MOVE = YES;
				CLANG_WARN_UNREACHABLE_CODE = YES;
				CLANG_WARN__DUPLICATE_METHOD_MATCH = YES;
				CODE_SIGN_IDENTITY = "Developer ID Application: George Christou (WH3AMFYJQK)";
				COPY_PHASE_STRIP = NO;
				DEBUG_INFORMATION_FORMAT = dwarf;
				DEVELOPMENT_TEAM = WH3AMFYJQK;
				ENABLE_STRICT_OBJC_MSGSEND = YES;
				ENABLE_TESTABILITY = YES;
				GCC_C_LANGUAGE_STANDARD = gnu99;
				GCC_DYNAMIC_NO_PIC = NO;
				GCC_NO_COMMON_BLOCKS = YES;
				GCC_OPTIMIZATION_LEVEL = 0;
				GCC_PREPROCESSOR_DEFINITIONS = (
					"DEBUG=1",
					"$(inherited)",
				);
				GCC_WARN_64_TO_32_BIT_CONVERSION = YES;
				GCC_WARN_ABOUT_RETURN_TYPE = YES_ERROR;
				GCC_WARN_UNDECLARED_SELECTOR = YES;
				GCC_WARN_UNINITIALIZED_AUTOS = YES_AGGRESSIVE;
				GCC_WARN_UNUSED_FUNCTION = YES;
				GCC_WARN_UNUSED_VARIABLE = YES;
				MACOSX_DEPLOYMENT_TARGET = 13.0;
				MTL_ENABLE_DEBUG_INFO = YES;
				ONLY_ACTIVE_ARCH = YES;
				SDKROOT = macosx;
				SWIFT_OPTIMIZATION_LEVEL = "-Onone";
			};
			name = Debug;
		};
		5E13C8931BE03A6F00FF4305 /* Release */ = {
			isa = XCBuildConfiguration;
			buildSettings = {
				ALWAYS_SEARCH_USER_PATHS = NO;
				CLANG_ANALYZER_LOCALIZABILITY_NONLOCALIZED = YES;
				CLANG_CXX_LANGUAGE_STANDARD = "gnu++0x";
				CLANG_CXX_LIBRARY = "libc++";
				CLANG_ENABLE_MODULES = YES;
				CLANG_ENABLE_OBJC_ARC = YES;
				CLANG_WARN_BLOCK_CAPTURE_AUTORELEASING = YES;
				CLANG_WARN_BOOL_CONVERSION = YES;
				CLANG_WARN_COMMA = YES;
				CLANG_WARN_CONSTANT_CONVERSION = YES;
				CLANG_WARN_DEPRECATED_OBJC_IMPLEMENTATIONS = YES;
				CLANG_WARN_DIRECT_OBJC_ISA_USAGE = YES_ERROR;
				CLANG_WARN_EMPTY_BODY = YES;
				CLANG_WARN_ENUM_CONVERSION = YES;
				CLANG_WARN_INFINITE_RECURSION = YES;
				CLANG_WARN_INT_CONVERSION = YES;
				CLANG_WARN_NON_LITERAL_NULL_CONVERSION = YES;
				CLANG_WARN_OBJC_IMPLICIT_RETAIN_SELF = YES;
				CLANG_WARN_OBJC_LITERAL_CONVERSION = YES;
				CLANG_WARN_OBJC_ROOT_CLASS = YES_ERROR;
				CLANG_WARN_QUOTED_INCLUDE_IN_FRAMEWORK_HEADER = YES;
				CLANG_WARN_RANGE_LOOP_ANALYSIS = YES;
				CLANG_WARN_STRICT_PROTOTYPES = YES;
				CLANG_WARN_SUSPICIOUS_MOVE = YES;
				CLANG_WARN_UNREACHABLE_CODE = YES;
				CLANG_WARN__DUPLICATE_METHOD_MATCH = YES;
				CODE_SIGN_IDENTITY = "Developer ID Application: George Christou (WH3AMFYJQK)";
				COPY_PHASE_STRIP = NO;
				DEBUG_INFORMATION_FORMAT = "dwarf-with-dsym";
				DEVELOPMENT_TEAM = WH3AMFYJQK;
				ENABLE_NS_ASSERTIONS = NO;
				ENABLE_STRICT_OBJC_MSGSEND = YES;
				GCC_C_LANGUAGE_STANDARD = gnu99;
				GCC_NO_COMMON_BLOCKS = YES;
				GCC_WARN_64_TO_32_BIT_CONVERSION = YES;
				GCC_WARN_ABOUT_RETURN_TYPE = YES_ERROR;
				GCC_WARN_UNDECLARED_SELECTOR = YES;
				GCC_WARN_UNINITIALIZED_AUTOS = YES_AGGRESSIVE;
				GCC_WARN_UNUSED_FUNCTION = YES;
				GCC_WARN_UNUSED_VARIABLE = YES;
				MACOSX_DEPLOYMENT_TARGET = 13.0;
				MTL_ENABLE_DEBUG_INFO = NO;
				SDKROOT = macosx;
				SWIFT_OPTIMIZATION_LEVEL = "-Owholemodule";
			};
			name = Release;
		};
		5E13C8951BE03A6F00FF4305 /* Debug */ = {
			isa = XCBuildConfiguration;
			buildSettings = {
				ASSETCATALOG_COMPILER_APPICON_NAME = AppIcon;
				CODE_SIGN_IDENTITY = "Developer ID Application: George Christou (WH3AMFYJQK)";
				COMBINE_HIDPI_IMAGES = YES;
				CURRENT_PROJECT_VERSION = 0.7.0;
				DEVELOPMENT_TEAM = WH3AMFYJQK;
				ENABLE_HARDENED_RUNTIME = YES;
				FRAMEWORK_SEARCH_PATHS = "$(inherited)";
				INFOPLIST_FILE = WhichSpace/Info.plist;
				LD_RUNPATH_SEARCH_PATHS = "$(inherited) @executable_path/../Frameworks";
				MARKETING_VERSION = 0.7.0;
				PRODUCT_BUNDLE_IDENTIFIER = io.gechr.WhichSpace;
				PRODUCT_NAME = "$(TARGET_NAME)";
				SWIFT_OBJC_BRIDGING_HEADER = WhichSpace/Classes/WhichSpaceBridge.h;
				SWIFT_SWIFT3_OBJC_INFERENCE = Default;
				SWIFT_VERSION = 5.0;
			};
			name = Debug;
		};
		5E13C8961BE03A6F00FF4305 /* Release */ = {
			isa = XCBuildConfiguration;
			buildSettings = {
				ASSETCATALOG_COMPILER_APPICON_NAME = AppIcon;
				CODE_SIGN_IDENTITY = "Developer ID Application: George Christou (WH3AMFYJQK)";
				COMBINE_HIDPI_IMAGES = YES;
				CURRENT_PROJECT_VERSION = 0.7.0;
				DEVELOPMENT_TEAM = WH3AMFYJQK;
				ENABLE_HARDENED_RUNTIME = YES;
				FRAMEWORK_SEARCH_PATHS = "$(inherited)";
				INFOPLIST_FILE = WhichSpace/Info.plist;
				LD_RUNPATH_SEARCH_PATHS = "$(inherited) @executable_path/../Frameworks";
				MARKETING_VERSION = 0.7.0;
				PRODUCT_BUNDLE_IDENTIFIER = io.gechr.WhichSpace;
				PRODUCT_NAME = "$(TARGET_NAME)";
				SWIFT_OBJC_BRIDGING_HEADER = WhichSpace/Classes/WhichSpaceBridge.h;
				SWIFT_SWIFT3_OBJC_INFERENCE = Default;
				SWIFT_VERSION = 5.0;
			};
			name = Release;
		};
/* End XCBuildConfiguration section */

/* Begin XCConfigurationList section */
		5E13C8821BE03A6F00FF4305 /* Build configuration list for PBXProject "WhichSpace" */ = {
			isa = XCConfigurationList;
			buildConfigurations = (
				5E13C8921BE03A6F00FF4305 /* Debug */,
				5E13C8931BE03A6F00FF4305 /* Release */,
			);
			defaultConfigurationIsVisible = 0;
			defaultConfigurationName = Release;
		};
		5E13C8941BE03A6F00FF4305 /* Build configuration list for PBXNativeTarget "WhichSpace" */ = {
			isa = XCConfigurationList;
			buildConfigurations = (
				5E13C8951BE03A6F00FF4305 /* Debug */,
				5E13C8961BE03A6F00FF4305 /* Release */,
			);
			defaultConfigurationIsVisible = 0;
			defaultConfigurationName = Release;
		};
/* End XCConfigurationList section */

/* Begin XCRemoteSwiftPackageReference section */
		5E342D5C2E650D570003F863 /* XCRemoteSwiftPackageReference "Sparkle" */ = {
			isa = XCRemoteSwiftPackageReference;
			repositoryURL = "https://github.com/sparkle-project/Sparkle";
			requirement = {
				kind = upToNextMajorVersion;
				minimumVersion = 2.7.1;
			};
		};
/* End XCRemoteSwiftPackageReference section */

/* Begin XCSwiftPackageProductDependency section */
		5E342D5D2E650D570003F863 /* Sparkle */ = {
			isa = XCSwiftPackageProductDependency;
			package = 5E342D5C2E650D570003F863 /* XCRemoteSwiftPackageReference "Sparkle" */;
			productName = Sparkle;
		};
/* End XCSwiftPackageProductDependency section */
	};
	rootObject = 5E13C87F1BE03A6F00FF4305 /* Project object */;
}
